
Microsoft Visual Studio Solution File, Format Version 12.00
# Visual Studio Version 17
VisualStudioVersion = 17.9.34728.123
MinimumVisualStudioVersion = 10.0.40219.1
Project("{8BC9CEB8-8B4A-11D0-8D11-00A0C91BC942}") = "ARMEE_Driver", "ARMEE_Driver.vcxproj", "{355F7641-5372-4843-AE2F-73C699D237F2}"
EndProject
Project("{8BC9CEB8-8B4A-11D0-8D11-00A0C91BC942}") = "set_uci", "set_uci\set_uci.vcxproj", "{631BC229-317D-49DC-BB6B-538288169B1C}"
EndProject
Project("{8BC9CEB8-8B4A-11D0-8D11-00A0C91BC942}") = "clear_uci", "clear_uci\clear_uci.vcxproj", "{CAF67AFD-CD92-4046-8E11-5227AC10859B}"
EndProject
Global
	GlobalSection(SolutionConfigurationPlatforms) = preSolution
		Debug|ARM = Debug|ARM
		Debug|ARM64 = Debug|ARM64
		Debug|x64 = Debug|x64
		Debug|x86 = Debug|x86
		Release|ARM = Release|ARM
		Release|ARM64 = Release|ARM64
		Release|x64 = Release|x64
		Release|x86 = Release|x86
	EndGlobalSection
	GlobalSection(ProjectConfigurationPlatforms) = postSolution
		{355F7641-5372-4843-AE2F-73C699D237F2}.Debug|ARM.ActiveCfg = Debug|x64
		{355F7641-5372-4843-AE2F-73C699D237F2}.Debug|ARM.Build.0 = Debug|x64
		{355F7641-5372-4843-AE2F-73C699D237F2}.Debug|ARM.Deploy.0 = Debug|x64
		{355F7641-5372-4843-AE2F-73C699D237F2}.Debug|ARM64.ActiveCfg = Debug|ARM64
		{355F7641-5372-4843-AE2F-73C699D237F2}.Debug|ARM64.Build.0 = Debug|ARM64
		{355F7641-5372-4843-AE2F-73C699D237F2}.Debug|x64.ActiveCfg = Debug|x64
		{355F7641-5372-4843-AE2F-73C699D237F2}.Debug|x64.Build.0 = Debug|x64
		{355F7641-5372-4843-AE2F-73C699D237F2}.Debug|x64.Deploy.0 = Debug|x64
		{355F7641-5372-4843-AE2F-73C699D237F2}.Debug|x86.ActiveCfg = Debug|x64
		{355F7641-5372-4843-AE2F-73C699D237F2}.Debug|x86.Build.0 = Debug|x64
		{355F7641-5372-4843-AE2F-73C699D237F2}.Debug|x86.Deploy.0 = Debug|x64
		{355F7641-5372-4843-AE2F-73C699D237F2}.Release|ARM.ActiveCfg = Release|x64
		{355F7641-5372-4843-AE2F-73C699D237F2}.Release|ARM.Build.0 = Release|x64
		{355F7641-5372-4843-AE2F-73C699D237F2}.Release|ARM.Deploy.0 = Release|x64
		{355F7641-5372-4843-AE2F-73C699D237F2}.Release|ARM64.ActiveCfg = Release|ARM64
		{355F7641-5372-4843-AE2F-73C699D237F2}.Release|ARM64.Build.0 = Release|ARM64
		{355F7641-5372-4843-AE2F-73C699D237F2}.Release|ARM64.Deploy.0 = Release|ARM64
		{355F7641-5372-4843-AE2F-73C699D237F2}.Release|x64.ActiveCfg = Release|x64
		{355F7641-5372-4843-AE2F-73C699D237F2}.Release|x64.Build.0 = Release|x64
		{355F7641-5372-4843-AE2F-73C699D237F2}.Release|x64.Deploy.0 = Release|x64
		{355F7641-5372-4843-AE2F-73C699D237F2}.Release|x86.ActiveCfg = Release|x64
		{355F7641-5372-4843-AE2F-73C699D237F2}.Release|x86.Build.0 = Release|x64
		{355F7641-5372-4843-AE2F-73C699D237F2}.Release|x86.Deploy.0 = Release|x64
		{631BC229-317D-49DC-BB6B-538288169B1C}.Debug|ARM.ActiveCfg = Debug|x64
		{631BC229-317D-49DC-BB6B-538288169B1C}.Debug|ARM.Build.0 = Debug|x64
		{631BC229-317D-49DC-BB6B-538288169B1C}.Debug|ARM64.ActiveCfg = Debug|ARM64
		{631BC229-317D-49DC-BB6B-538288169B1C}.Debug|ARM64.Build.0 = Debug|ARM64
		{631BC229-317D-49DC-BB6B-538288169B1C}.Debug|x64.ActiveCfg = Debug|x64
		{631BC229-317D-49DC-BB6B-538288169B1C}.Debug|x64.Build.0 = Debug|x64
		{631BC229-317D-49DC-BB6B-538288169B1C}.Debug|x86.ActiveCfg = Debug|Win32
		{631BC229-317D-49DC-BB6B-538288169B1C}.Debug|x86.Build.0 = Debug|Win32
		{631BC229-317D-49DC-BB6B-538288169B1C}.Release|ARM.ActiveCfg = Release|x64
		{631BC229-317D-49DC-BB6B-538288169B1C}.Release|ARM.Build.0 = Release|x64
		{631BC229-317D-49DC-BB6B-538288169B1C}.Release|ARM64.ActiveCfg = Release|x64
		{631BC229-317D-49DC-BB6B-538288169B1C}.Release|ARM64.Build.0 = Release|x64
		{631BC229-317D-49DC-BB6B-538288169B1C}.Release|x64.ActiveCfg = Release|x64
		{631BC229-317D-49DC-BB6B-538288169B1C}.Release|x64.Build.0 = Release|x64
		{631BC229-317D-49DC-BB6B-538288169B1C}.Release|x86.ActiveCfg = Release|Win32
		{631BC229-317D-49DC-BB6B-538288169B1C}.Release|x86.Build.0 = Release|Win32
		{CAF67AFD-CD92-4046-8E11-5227AC10859B}.Debug|ARM.ActiveCfg = Debug|x64
		{CAF67AFD-CD92-4046-8E11-5227AC10859B}.Debug|ARM.Build.0 = Debug|x64
		{CAF67AFD-CD92-4046-8E11-5227AC10859B}.Debug|ARM64.ActiveCfg = Debug|ARM64
		{CAF67AFD-CD92-4046-8E11-5227AC10859B}.Debug|ARM64.Build.0 = Debug|ARM64
		{CAF67AFD-CD92-4046-8E11-5227AC10859B}.Debug|x64.ActiveCfg = Debug|x64
		{CAF67AFD-CD92-4046-8E11-5227AC10859B}.Debug|x64.Build.0 = Debug|x64
		{CAF67AFD-CD92-4046-8E11-5227AC10859B}.Debug|x86.ActiveCfg = Debug|Win32
		{CAF67AFD-CD92-4046-8E11-5227AC10859B}.Debug|x86.Build.0 = Debug|Win32
		{CAF67AFD-CD92-4046-8E11-5227AC10859B}.Release|ARM.ActiveCfg = Release|x64
		{CAF67AFD-CD92-4046-8E11-5227AC10859B}.Release|ARM.Build.0 = Release|x64
		{CAF67AFD-CD92-4046-8E11-5227AC10859B}.Release|ARM64.ActiveCfg = Release|x64
		{CAF67AFD-CD92-4046-8E11-5227AC10859B}.Release|ARM64.Build.0 = Release|x64
		{CAF67AFD-CD92-4046-8E11-5227AC10859B}.Release|x64.ActiveCfg = Release|x64
		{CAF67AFD-CD92-4046-8E11-5227AC10859B}.Release|x64.Build.0 = Release|x64
		{CAF67AFD-CD92-4046-8E11-5227AC10859B}.Release|x86.ActiveCfg = Release|Win32
		{CAF67AFD-CD92-4046-8E11-5227AC10859B}.Release|x86.Build.0 = Release|Win32
	EndGlobalSection
	GlobalSection(SolutionProperties) = preSolution
		HideSolutionNode = FALSE
	EndGlobalSection
	GlobalSection(ExtensibilityGlobals) = postSolution
		SolutionGuid = {069BB910-E9E7-4F25-8F00-DB8281EBC917}
	EndGlobalSection
EndGlobal
